
Microsoft Visual Studio Solution File, Format Version 12.00
# Visual Studio Version 17
VisualStudioVersion = 17.5.33516.290
MinimumVisualStudioVersion = 10.0.40219.1
Project("{FAE04EC0-301F-11D3-BF4B-00C04F79EFBC}") = "SimproV", "SimproV.csproj", "{B74F9289-CE3C-41BE-9BCF-47E19ECC45E5}"
EndProject
Global
	GlobalSection(SolutionConfigurationPlatforms) = preSolution
		Debug|Any CPU = Debug|Any CPU
		Release|Any CPU = Release|Any CPU
	EndGlobalSection
	GlobalSection(ProjectConfigurationPlatforms) = postSolution
		{B74F9289-CE3C-41BE-9BCF-47E19ECC45E5}.Debug|Any CPU.ActiveCfg = Debug|Any CPU
		{B74F9289-CE3C-41BE-9BCF-47E19ECC45E5}.Debug|Any CPU.Build.0 = Debug|Any CPU
		{B74F9289-CE3C-41BE-9BCF-47E19ECC45E5}.Release|Any CPU.ActiveCfg = Release|Any CPU
		{B74F9289-CE3C-41BE-9BCF-47E19ECC45E5}.Release|Any CPU.Build.0 = Release|Any CPU
	EndGlobalSection
	GlobalSection(SolutionProperties) = preSolution
		HideSolutionNode = FALSE
	EndGlobalSection
	GlobalSection(ExtensibilityGlobals) = postSolution
		SolutionGuid = {D07D659E-E4FB-4ECA-A4C1-55054C158561}
	EndGlobalSection
EndGlobal
